
Microsoft Visual Studio Solution File, Format Version 12.00
Project("{FAE04EC0-301F-11D3-BF4B-00C04F79EFBC}") = "GenerateDatabricksTOM", "GenerateDatabricksTOM\GenerateDatabricksTOM.csproj", "{B84AE305-5377-44AF-B6F9-4B622F5256DD}"
EndProject
Global
	GlobalSection(SolutionConfigurationPlatforms) = preSolution
		Debug|Any CPU = Debug|Any CPU
		Release|Any CPU = Release|Any CPU
	EndGlobalSection
	GlobalSection(ProjectConfigurationPlatforms) = postSolution
		{B84AE305-5377-44AF-B6F9-4B622F5256DD}.Debug|Any CPU.ActiveCfg = Debug|Any CPU
		{B84AE305-5377-44AF-B6F9-4B622F5256DD}.Debug|Any CPU.Build.0 = Debug|Any CPU
		{B84AE305-5377-44AF-B6F9-4B622F5256DD}.Release|Any CPU.ActiveCfg = Release|Any CPU
		{B84AE305-5377-44AF-B6F9-4B622F5256DD}.Release|Any CPU.Build.0 = Release|Any CPU
	EndGlobalSection
EndGlobal
